
Microsoft Visual Studio Solution File, Format Version 12.00
# Visual Studio Version 17
VisualStudioVersion = 17.5.33530.505
MinimumVisualStudioVersion = 10.0.40219.1
Project("{FAE04EC0-301F-11D3-BF4B-00C04F79EFBC}") = "PolessUp Task_21", "PolessUp Task_21\PolessUp Task_21.csproj", "{8E1C10F8-B17E-468D-A0EE-A7B62C7E0E5A}"
EndProject
Global
	GlobalSection(SolutionConfigurationPlatforms) = preSolution
		Debug|Any CPU = Debug|Any CPU
		Release|Any CPU = Release|Any CPU
	EndGlobalSection
	GlobalSection(ProjectConfigurationPlatforms) = postSolution
		{8E1C10F8-B17E-468D-A0EE-A7B62C7E0E5A}.Debug|Any CPU.ActiveCfg = Debug|Any CPU
		{8E1C10F8-B17E-468D-A0EE-A7B62C7E0E5A}.Debug|Any CPU.Build.0 = Debug|Any CPU
		{8E1C10F8-B17E-468D-A0EE-A7B62C7E0E5A}.Release|Any CPU.ActiveCfg = Release|Any CPU
		{8E1C10F8-B17E-468D-A0EE-A7B62C7E0E5A}.Release|Any CPU.Build.0 = Release|Any CPU
	EndGlobalSection
	GlobalSection(SolutionProperties) = preSolution
		HideSolutionNode = FALSE
	EndGlobalSection
	GlobalSection(ExtensibilityGlobals) = postSolution
		SolutionGuid = {46D7207D-2056-4FFB-AD52-2B7B0E490A83}
	EndGlobalSection
EndGlobal
